// !$*UTF8*$!
{
	archiveVersion = 1;
	classes = {
	};
	objectVersion = 56;
	objects = {

/* Begin PBXBuildFile section */
		A19713EF2A41147B006DE877 /* EyeTabBarApp.swift in Sources */ = {isa = PBXBuildFile; fileRef = A19713EE2A41147B006DE877 /* EyeTabBarApp.swift */; };
		A19713F12A41147B006DE877 /* ContentView.swift in Sources */ = {isa = PBXBuildFile; fileRef = A19713F02A41147B006DE877 /* ContentView.swift */; };
		A19713F32A41147D006DE877 /* Assets.xcassets in Resources */ = {isa = PBXBuildFile; fileRef = A19713F22A41147D006DE877 /* Assets.xcassets */; };
		A19713F62A41147D006DE877 /* Preview Assets.xcassets in Resources */ = {isa = PBXBuildFile; fileRef = A19713F52A41147D006DE877 /* Preview Assets.xcassets */; };
		A19713FD2A41148F006DE877 /* MainTabView.swift in Sources */ = {isa = PBXBuildFile; fileRef = A19713FC2A41148F006DE877 /* MainTabView.swift */; };
		A19713FF2A4114A3006DE877 /* CustomTabBar.swift in Sources */ = {isa = PBXBuildFile; fileRef = A19713FE2A4114A2006DE877 /* CustomTabBar.swift */; };
		A19714012A4114B1006DE877 /* TabCurve.swift in Sources */ = {isa = PBXBuildFile; fileRef = A19714002A4114B1006DE877 /* TabCurve.swift */; };
		A19714032A4114C2006DE877 /* Routing.swift in Sources */ = {isa = PBXBuildFile; fileRef = A19714022A4114C2006DE877 /* Routing.swift */; };
		A19714052A4114D5006DE877 /* ConfigManager.swift in Sources */ = {isa = PBXBuildFile; fileRef = A19714042A4114D5006DE877 /* ConfigManager.swift */; };
/* End PBXBuildFile section */

/* Begin PBXFileReference section */
		A19713EB2A41147B006DE877 /* EyeTabBar.app */ = {isa = PBXFileReference; explicitFileType = wrapper.application; includeInIndex = 0; path = EyeTabBar.app; sourceTree = BUILT_PRODUCTS_DIR; };
		A19713EE2A41147B006DE877 /* EyeTabBarApp.swift */ = {isa = PBXFileReference; lastKnownFileType = sourcecode.swift; path = EyeTabBarApp.swift; sourceTree = "<group>"; };
		A19713F02A41147B006DE877 /* ContentView.swift */ = {isa = PBXFileReference; lastKnownFileType = sourcecode.swift; path = ContentView.swift; sourceTree = "<group>"; };
		A19713F22A41147D006DE877 /* Assets.xcassets */ = {isa = PBXFileReference; lastKnownFileType = folder.assetcatalog; path = Assets.xcassets; sourceTree = "<group>"; };
		A19713F52A41147D006DE877 /* Preview Assets.xcassets */ = {isa = PBXFileReference; lastKnownFileType = folder.assetcatalog; path = "Preview Assets.xcassets"; sourceTree = "<group>"; };
		A19713FC2A41148F006DE877 /* MainTabView.swift */ = {isa = PBXFileReference; lastKnownFileType = sourcecode.swift; path = MainTabView.swift; sourceTree = "<group>"; };
		A19713FE2A4114A2006DE877 /* CustomTabBar.swift */ = {isa = PBXFileReference; lastKnownFileType = sourcecode.swift; path = CustomTabBar.swift; sourceTree = "<group>"; };
		A19714002A4114B1006DE877 /* TabCurve.swift */ = {isa = PBXFileReference; lastKnownFileType = sourcecode.swift; path = TabCurve.swift; sourceTree = "<group>"; };
		A19714022A4114C2006DE877 /* Routing.swift */ = {isa = PBXFileReference; lastKnownFileType = sourcecode.swift; path = Routing.swift; sourceTree = "<group>"; };
		A19714042A4114D5006DE877 /* ConfigManager.swift */ = {isa = PBXFileReference; lastKnownFileType = sourcecode.swift; path = ConfigManager.swift; sourceTree = "<group>"; };
/* End PBXFileReference section */

/* Begin PBXFrameworksBuildPhase section */
		A19713E82A41147B006DE877 /* Frameworks */ = {
			isa = PBXFrameworksBuildPhase;
			buildActionMask = 2147483647;
			files = (
			);
			runOnlyForDeploymentPostprocessing = 0;
		};
/* End PBXFrameworksBuildPhase section */

/* Begin PBXGroup section */
		A19713E22A41147B006DE877 = {
			isa = PBXGroup;
			children = (
				A19713ED2A41147B006DE877 /* EyeTabBar */,
				A19713EC2A41147B006DE877 /* Products */,
			);
			sourceTree = "<group>";
		};
		A19713EC2A41147B006DE877 /* Products */ = {
			isa = PBXGroup;
			children = (
				A19713EB2A41147B006DE877 /* EyeTabBar.app */,
			);
			name = Products;
			sourceTree = "<group>";
		};
		A19713ED2A41147B006DE877 /* EyeTabBar */ = {
			isa = PBXGroup;
			children = (
				A19713EE2A41147B006DE877 /* EyeTabBarApp.swift */,
				A19713F02A41147B006DE877 /* ContentView.swift */,
				A19713FC2A41148F006DE877 /* MainTabView.swift */,
				A19713FE2A4114A2006DE877 /* CustomTabBar.swift */,
				A19714002A4114B1006DE877 /* TabCurve.swift */,
				A19714022A4114C2006DE877 /* Routing.swift */,
				A19713F22A41147D006DE877 /* Assets.xcassets */,
				A19713F42A41147D006DE877 /* Preview Content */,
			);
			path = EyeTabBar;
			sourceTree = "<group>";
		};
		A19713F42A41147D006DE877 /* Preview Content */ = {
			isa = PBXGroup;
			children = (
				A19713F52A41147D006DE877 /* Preview Assets.xcassets */,
				A19714042A4114D5006DE877 /* ConfigManager.swift */,
			);
			path = "Preview Content";
			sourceTree = "<group>";
		};
/* End PBXGroup section */

/* Begin PBXNativeTarget section */
		A19713EA2A41147B006DE877 /* EyeTabBar */ = {
			isa = PBXNativeTarget;
			buildConfigurationList = A19713F92A41147D006DE877 /* Build configuration list for PBXNativeTarget "EyeTabBar" */;
			buildPhases = (
				A19713E72A41147B006DE877 /* Sources */,
				A19713E82A41147B006DE877 /* Frameworks */,
				A19713E92A41147B006DE877 /* Resources */,
			);
			buildRules = (
			);
			dependencies = (
			);
			name = EyeTabBar;
			productName = EyeTabBar;
			productReference = A19713EB2A41147B006DE877 /* EyeTabBar.app */;
			productType = "com.apple.product-type.application";
		};
/* End PBXNativeTarget section */

/* Begin PBXProject section */
		A19713E32A41147B006DE877 /* Project object */ = {
			isa = PBXProject;
			attributes = {
				BuildIndependentTargetsInParallel = 1;
				LastSwiftUpdateCheck = 1430;
				LastUpgradeCheck = 1430;
				TargetAttributes = {
					A19713EA2A41147B006DE877 = {
						CreatedOnToolsVersion = 14.3.1;
					};
				};
			};
			buildConfigurationList = A19713E62A41147B006DE877 /* Build configuration list for PBXProject "EyeTabBar" */;
			compatibilityVersion = "Xcode 14.0";
			developmentRegion = en;
			hasScannedForEncodings = 0;
			knownRegions = (
				en,
				Base,
			);
			mainGroup = A19713E22A41147B006DE877;
			productRefGroup = A19713EC2A41147B006DE877 /* Products */;
			projectDirPath = "";
			projectRoot = "";
			targets = (
				A19713EA2A41147B006DE877 /* EyeTabBar */,
			);
		};
/* End PBXProject section */

/* Begin PBXResourcesBuildPhase section */
		A19713E92A41147B006DE877 /* Resources */ = {
			isa = PBXResourcesBuildPhase;
			buildActionMask = 2147483647;
			files = (
				A19713F62A41147D006DE877 /* Preview Assets.xcassets in Resources */,
				A19713F32A41147D006DE877 /* Assets.xcassets in Resources */,
			);
			runOnlyForDeploymentPostprocessing = 0;
		};
/* End PBXResourcesBuildPhase section */

/* Begin PBXSourcesBuildPhase section */
		A19713E72A41147B006DE877 /* Sources */ = {
			isa = PBXSourcesBuildPhase;
			buildActionMask = 2147483647;
			files = (
				A19713FF2A4114A3006DE877 /* CustomTabBar.swift in Sources */,
				A19713F12A41147B006DE877 /* ContentView.swift in Sources */,
				A19714032A4114C2006DE877 /* Routing.swift in Sources */,
				A19713EF2A41147B006DE877 /* EyeTabBarApp.swift in Sources */,
				A19713FD2A41148F006DE877 /* MainTabView.swift in Sources */,
				A19714052A4114D5006DE877 /* ConfigManager.swift in Sources */,
				A19714012A4114B1006DE877 /* TabCurve.swift in Sources */,
			);
			runOnlyForDeploymentPostprocessing = 0;
		};
/* End PBXSourcesBuildPhase section */

/* Begin XCBuildConfiguration section */
		A19713F72A41147D006DE877 /* Debug */ = {
			isa = XCBuildConfiguration;
			buildSettings = {
				ALWAYS_SEARCH_USER_PATHS = NO;
				CLANG_ANALYZER_NONNULL = YES;
				CLANG_ANALYZER_NUMBER_OBJECT_CONVERSION = YES_AGGRESSIVE;
				CLANG_CXX_LANGUAGE_STANDARD = "gnu++20";
				CLANG_ENABLE_MODULES = YES;
				CLANG_ENABLE_OBJC_ARC = YES;
				CLANG_ENABLE_OBJC_WEAK = YES;
				CLANG_WARN_BLOCK_CAPTURE_AUTORELEASING = YES;
				CLANG_WARN_BOOL_CONVERSION = YES;
				CLANG_WARN_COMMA = YES;
				CLANG_WARN_CONSTANT_CONVERSION = YES;
				CLANG_WARN_DEPRECATED_OBJC_IMPLEMENTATIONS = YES;
				CLANG_WARN_DIRECT_OBJC_ISA_USAGE = YES_ERROR;
				CLANG_WARN_DOCUMENTATION_COMMENTS = YES;
				CLANG_WARN_EMPTY_BODY = YES;
				CLANG_WARN_ENUM_CONVERSION = YES;
				CLANG_WARN_INFINITE_RECURSION = YES;
				CLANG_WARN_INT_CONVERSION = YES;
				CLANG_WARN_NON_LITERAL_NULL_CONVERSION = YES;
				CLANG_WARN_OBJC_IMPLICIT_RETAIN_SELF = YES;
				CLANG_WARN_OBJC_LITERAL_CONVERSION = YES;
				CLANG_WARN_OBJC_ROOT_CLASS = YES_ERROR;
				CLANG_WARN_QUOTED_INCLUDE_IN_FRAMEWORK_HEADER = YES;
				CLANG_WARN_RANGE_LOOP_ANALYSIS = YES;
				CLANG_WARN_STRICT_PROTOTYPES = YES;
				CLANG_WARN_SUSPICIOUS_MOVE = YES;
				CLANG_WARN_UNGUARDED_AVAILABILITY = YES_AGGRESSIVE;
				CLANG_WARN_UNREACHABLE_CODE = YES;
				CLANG_WARN__DUPLICATE_METHOD_MATCH = YES;
				COPY_PHASE_STRIP = NO;
				DEBUG_INFORMATION_FORMAT = dwarf;
				ENABLE_STRICT_OBJC_MSGSEND = YES;
				ENABLE_TESTABILITY = YES;
				GCC_C_LANGUAGE_STANDARD = gnu11;
				GCC_DYNAMIC_NO_PIC = NO;
				GCC_NO_COMMON_BLOCKS = YES;
				GCC_OPTIMIZATION_LEVEL = 0;
				GCC_PREPROCESSOR_DEFINITIONS = (
					"DEBUG=1",
					"$(inherited)",
				);
				GCC_WARN_64_TO_32_BIT_CONVERSION = YES;
				GCC_WARN_ABOUT_RETURN_TYPE = YES_ERROR;
				GCC_WARN_UNDECLARED_SELECTOR = YES;
				GCC_WARN_UNINITIALIZED_AUTOS = YES_AGGRESSIVE;
				GCC_WARN_UNUSED_FUNCTION = YES;
				GCC_WARN_UNUSED_VARIABLE = YES;
				IPHONEOS_DEPLOYMENT_TARGET = 16.4;
				MTL_ENABLE_DEBUG_INFO = INCLUDE_SOURCE;
				MTL_FAST_MATH = YES;
				ONLY_ACTIVE_ARCH = YES;
				SDKROOT = iphoneos;
				SWIFT_ACTIVE_COMPILATION_CONDITIONS = DEBUG;
				SWIFT_OPTIMIZATION_LEVEL = "-Onone";
			};
			name = Debug;
		};
		A19713F82A41147D006DE877 /* Release */ = {
			isa = XCBuildConfiguration;
			buildSettings = {
				ALWAYS_SEARCH_USER_PATHS = NO;
				CLANG_ANALYZER_NONNULL = YES;
				CLANG_ANALYZER_NUMBER_OBJECT_CONVERSION = YES_AGGRESSIVE;
				CLANG_CXX_LANGUAGE_STANDARD = "gnu++20";
				CLANG_ENABLE_MODULES = YES;
				CLANG_ENABLE_OBJC_ARC = YES;
				CLANG_ENABLE_OBJC_WEAK = YES;
				CLANG_WARN_BLOCK_CAPTURE_AUTORELEASING = YES;
				CLANG_WARN_BOOL_CONVERSION = YES;
				CLANG_WARN_COMMA = YES;
				CLANG_WARN_CONSTANT_CONVERSION = YES;
				CLANG_WARN_DEPRECATED_OBJC_IMPLEMENTATIONS = YES;
				CLANG_WARN_DIRECT_OBJC_ISA_USAGE = YES_ERROR;
				CLANG_WARN_DOCUMENTATION_COMMENTS = YES;
				CLANG_WARN_EMPTY_BODY = YES;
				CLANG_WARN_ENUM_CONVERSION = YES;
				CLANG_WARN_INFINITE_RECURSION = YES;
				CLANG_WARN_INT_CONVERSION = YES;
				CLANG_WARN_NON_LITERAL_NULL_CONVERSION = YES;
				CLANG_WARN_OBJC_IMPLICIT_RETAIN_SELF = YES;
				CLANG_WARN_OBJC_LITERAL_CONVERSION = YES;
				CLANG_WARN_OBJC_ROOT_CLASS = YES_ERROR;
				CLANG_WARN_QUOTED_INCLUDE_IN_FRAMEWORK_HEADER = YES;
				CLANG_WARN_RANGE_LOOP_ANALYSIS = YES;
				CLANG_WARN_STRICT_PROTOTYPES = YES;
				CLANG_WARN_SUSPICIOUS_MOVE = YES;
				CLANG_WARN_UNGUARDED_AVAILABILITY = YES_AGGRESSIVE;
				CLANG_WARN_UNREACHABLE_CODE = YES;
				CLANG_WARN__DUPLICATE_METHOD_MATCH = YES;
				COPY_PHASE_STRIP = NO;
				DEBUG_INFORMATION_FORMAT = "dwarf-with-dsym";
				ENABLE_NS_ASSERTIONS = NO;
				ENABLE_STRICT_OBJC_MSGSEND = YES;
				GCC_C_LANGUAGE_STANDARD = gnu11;
				GCC_NO_COMMON_BLOCKS = YES;
				GCC_WARN_64_TO_32_BIT_CONVERSION = YES;
				GCC_WARN_ABOUT_RETURN_TYPE = YES_ERROR;
				GCC_WARN_UNDECLARED_SELECTOR = YES;
				GCC_WARN_UNINITIALIZED_AUTOS = YES_AGGRESSIVE;
				GCC_WARN_UNUSED_FUNCTION = YES;
				GCC_WARN_UNUSED_VARIABLE = YES;
				IPHONEOS_DEPLOYMENT_TARGET = 16.4;
				MTL_ENABLE_DEBUG_INFO = NO;
				MTL_FAST_MATH = YES;
				SDKROOT = iphoneos;
				SWIFT_COMPILATION_MODE = wholemodule;
				SWIFT_OPTIMIZATION_LEVEL = "-O";
				VALIDATE_PRODUCT = YES;
			};
			name = Release;
		};
		A19713FA2A41147D006DE877 /* Debug */ = {
			isa = XCBuildConfiguration;
			buildSettings = {
				ASSETCATALOG_COMPILER_APPICON_NAME = AppIcon;
				ASSETCATALOG_COMPILER_GLOBAL_ACCENT_COLOR_NAME = AccentColor;
				CODE_SIGN_STYLE = Automatic;
				CURRENT_PROJECT_VERSION = 1;
				DEVELOPMENT_ASSET_PATHS = "\"EyeTabBar/Preview Content\"";
				DEVELOPMENT_TEAM = WPP2S47RZ2;
				ENABLE_PREVIEWS = YES;
				GENERATE_INFOPLIST_FILE = YES;
				INFOPLIST_KEY_UIApplicationSceneManifest_Generation = YES;
				INFOPLIST_KEY_UIApplicationSupportsIndirectInputEvents = YES;
				INFOPLIST_KEY_UILaunchScreen_Generation = YES;
				INFOPLIST_KEY_UISupportedInterfaceOrientations_iPad = "UIInterfaceOrientationPortrait UIInterfaceOrientationPortraitUpsideDown UIInterfaceOrientationLandscapeLeft UIInterfaceOrientationLandscapeRight";
				INFOPLIST_KEY_UISupportedInterfaceOrientations_iPhone = "UIInterfaceOrientationPortrait UIInterfaceOrientationLandscapeLeft UIInterfaceOrientationLandscapeRight";
				LD_RUNPATH_SEARCH_PATHS = (
					"$(inherited)",
					"@executable_path/Frameworks",
				);
				MARKETING_VERSION = 1.0;
				PRODUCT_BUNDLE_IDENTIFIER = "Alex-Shtandaruk.EyeTabBar";
				PRODUCT_NAME = "$(TARGET_NAME)";
				SWIFT_EMIT_LOC_STRINGS = YES;
				SWIFT_VERSION = 5.0;
				TARGETED_DEVICE_FAMILY = "1,2";
			};
			name = Debug;
		};
		A19713FB2A41147D006DE877 /* Release */ = {
			isa = XCBuildConfiguration;
			buildSettings = {
				ASSETCATALOG_COMPILER_APPICON_NAME = AppIcon;
				ASSETCATALOG_COMPILER_GLOBAL_ACCENT_COLOR_NAME = AccentColor;
				CODE_SIGN_STYLE = Automatic;
				CURRENT_PROJECT_VERSION = 1;
				DEVELOPMENT_ASSET_PATHS = "\"EyeTabBar/Preview Content\"";
				DEVELOPMENT_TEAM = WPP2S47RZ2;
				ENABLE_PREVIEWS = YES;
				GENERATE_INFOPLIST_FILE = YES;
				INFOPLIST_KEY_UIApplicationSceneManifest_Generation = YES;
				INFOPLIST_KEY_UIApplicationSupportsIndirectInputEvents = YES;
				INFOPLIST_KEY_UILaunchScreen_Generation = YES;
				INFOPLIST_KEY_UISupportedInterfaceOrientations_iPad = "UIInterfaceOrientationPortrait UIInterfaceOrientationPortraitUpsideDown UIInterfaceOrientationLandscapeLeft UIInterfaceOrientationLandscapeRight";
				INFOPLIST_KEY_UISupportedInterfaceOrientations_iPhone = "UIInterfaceOrientationPortrait UIInterfaceOrientationLandscapeLeft UIInterfaceOrientationLandscapeRight";
				LD_RUNPATH_SEARCH_PATHS = (
					"$(inherited)",
					"@executable_path/Frameworks",
				);
				MARKETING_VERSION = 1.0;
				PRODUCT_BUNDLE_IDENTIFIER = "Alex-Shtandaruk.EyeTabBar";
				PRODUCT_NAME = "$(TARGET_NAME)";
				SWIFT_EMIT_LOC_STRINGS = YES;
				SWIFT_VERSION = 5.0;
				TARGETED_DEVICE_FAMILY = "1,2";
			};
			name = Release;
		};
/* End XCBuildConfiguration section */

/* Begin XCConfigurationList section */
		A19713E62A41147B006DE877 /* Build configuration list for PBXProject "EyeTabBar" */ = {
			isa = XCConfigurationList;
			buildConfigurations = (
				A19713F72A41147D006DE877 /* Debug */,
				A19713F82A41147D006DE877 /* Release */,
			);
			defaultConfigurationIsVisible = 0;
			defaultConfigurationName = Release;
		};
		A19713F92A41147D006DE877 /* Build configuration list for PBXNativeTarget "EyeTabBar" */ = {
			isa = XCConfigurationList;
			buildConfigurations = (
				A19713FA2A41147D006DE877 /* Debug */,
				A19713FB2A41147D006DE877 /* Release */,
			);
			defaultConfigurationIsVisible = 0;
			defaultConfigurationName = Release;
		};
/* End XCConfigurationList section */
	};
	rootObject = A19713E32A41147B006DE877 /* Project object */;
}
